// !$*UTF8*$!
{
	archiveVersion = 1;
	classes = {
	};
	objectVersion = 55;
	objects = {

/* Begin PBXBuildFile section */
		9F1509B027A31EE600567245 /* AppDelegate.swift in Sources */ = {isa = PBXBuildFile; fileRef = 9F1509AF27A31EE600567245 /* AppDelegate.swift */; };
		9F1509B227A31EE600567245 /* SceneDelegate.swift in Sources */ = {isa = PBXBuildFile; fileRef = 9F1509B127A31EE600567245 /* SceneDelegate.swift */; };
		9F1509B427A31EE600567245 /* HomeViewController.swift in Sources */ = {isa = PBXBuildFile; fileRef = 9F1509B327A31EE600567245 /* HomeViewController.swift */; };
		9F1509B927A31EE800567245 /* Assets.xcassets in Resources */ = {isa = PBXBuildFile; fileRef = 9F1509B827A31EE800567245 /* Assets.xcassets */; };
		9F1509BC27A31EE800567245 /* LaunchScreen.storyboard in Resources */ = {isa = PBXBuildFile; fileRef = 9F1509BA27A31EE800567245 /* LaunchScreen.storyboard */; };
		9F1509CB27A3242700567245 /* EndpointProtocol.swift in Sources */ = {isa = PBXBuildFile; fileRef = 9F1509CA27A3242700567245 /* EndpointProtocol.swift */; };
		9F1509CD27A3250100567245 /* TheSimpsonsQuoteAPIEndpoint.swift in Sources */ = {isa = PBXBuildFile; fileRef = 9F1509CC27A3250100567245 /* TheSimpsonsQuoteAPIEndpoint.swift */; };
		9F1509CF27A3286D00567245 /* CharacterInfoResponse.swift in Sources */ = {isa = PBXBuildFile; fileRef = 9F1509CE27A3286D00567245 /* CharacterInfoResponse.swift */; };
		9F1509D127A328B700567245 /* CharacterInfo.swift in Sources */ = {isa = PBXBuildFile; fileRef = 9F1509D027A328B700567245 /* CharacterInfo.swift */; };
		9F1509D327A329C400567245 /* NetworkEngine.swift in Sources */ = {isa = PBXBuildFile; fileRef = 9F1509D227A329C400567245 /* NetworkEngine.swift */; };
/* End PBXBuildFile section */

/* Begin PBXFileReference section */
		9F1509AC27A31EE600567245 /* TheSimpsonsQuoteGenerator.app */ = {isa = PBXFileReference; explicitFileType = wrapper.application; includeInIndex = 0; path = TheSimpsonsQuoteGenerator.app; sourceTree = BUILT_PRODUCTS_DIR; };
		9F1509AF27A31EE600567245 /* AppDelegate.swift */ = {isa = PBXFileReference; lastKnownFileType = sourcecode.swift; path = AppDelegate.swift; sourceTree = "<group>"; };
		9F1509B127A31EE600567245 /* SceneDelegate.swift */ = {isa = PBXFileReference; lastKnownFileType = sourcecode.swift; path = SceneDelegate.swift; sourceTree = "<group>"; };
		9F1509B327A31EE600567245 /* HomeViewController.swift */ = {isa = PBXFileReference; lastKnownFileType = sourcecode.swift; path = HomeViewController.swift; sourceTree = "<group>"; };
		9F1509B827A31EE800567245 /* Assets.xcassets */ = {isa = PBXFileReference; lastKnownFileType = folder.assetcatalog; path = Assets.xcassets; sourceTree = "<group>"; };
		9F1509BB27A31EE800567245 /* Base */ = {isa = PBXFileReference; lastKnownFileType = file.storyboard; name = Base; path = Base.lproj/LaunchScreen.storyboard; sourceTree = "<group>"; };
		9F1509BD27A31EE800567245 /* Info.plist */ = {isa = PBXFileReference; lastKnownFileType = text.plist.xml; path = Info.plist; sourceTree = "<group>"; };
		9F1509CA27A3242700567245 /* EndpointProtocol.swift */ = {isa = PBXFileReference; lastKnownFileType = sourcecode.swift; path = EndpointProtocol.swift; sourceTree = "<group>"; };
		9F1509CC27A3250100567245 /* TheSimpsonsQuoteAPIEndpoint.swift */ = {isa = PBXFileReference; lastKnownFileType = sourcecode.swift; path = TheSimpsonsQuoteAPIEndpoint.swift; sourceTree = "<group>"; };
		9F1509CE27A3286D00567245 /* CharacterInfoResponse.swift */ = {isa = PBXFileReference; lastKnownFileType = sourcecode.swift; path = CharacterInfoResponse.swift; sourceTree = "<group>"; };
		9F1509D027A328B700567245 /* CharacterInfo.swift */ = {isa = PBXFileReference; lastKnownFileType = sourcecode.swift; path = CharacterInfo.swift; sourceTree = "<group>"; };
		9F1509D227A329C400567245 /* NetworkEngine.swift */ = {isa = PBXFileReference; lastKnownFileType = sourcecode.swift; path = NetworkEngine.swift; sourceTree = "<group>"; };
/* End PBXFileReference section */

/* Begin PBXFrameworksBuildPhase section */
		9F1509A927A31EE600567245 /* Frameworks */ = {
			isa = PBXFrameworksBuildPhase;
			buildActionMask = 2147483647;
			files = (
			);
			runOnlyForDeploymentPostprocessing = 0;
		};
/* End PBXFrameworksBuildPhase section */

/* Begin PBXGroup section */
		9F1509A327A31EE600567245 = {
			isa = PBXGroup;
			children = (
				9F1509AE27A31EE600567245 /* TheSimpsonsQuoteGenerator */,
				9F1509AD27A31EE600567245 /* Products */,
			);
			sourceTree = "<group>";
		};
		9F1509AD27A31EE600567245 /* Products */ = {
			isa = PBXGroup;
			children = (
				9F1509AC27A31EE600567245 /* TheSimpsonsQuoteGenerator.app */,
			);
			name = Products;
			sourceTree = "<group>";
		};
		9F1509AE27A31EE600567245 /* TheSimpsonsQuoteGenerator */ = {
			isa = PBXGroup;
			children = (
				9F1509C727A3238700567245 /* Scenes */,
				9F1509C527A3236E00567245 /* ViewModel */,
				9F1509C427A3235C00567245 /* Model */,
				9F1509C327A3235300567245 /* Networking */,
				9F1509AF27A31EE600567245 /* AppDelegate.swift */,
				9F1509B127A31EE600567245 /* SceneDelegate.swift */,
				9F1509B827A31EE800567245 /* Assets.xcassets */,
				9F1509BA27A31EE800567245 /* LaunchScreen.storyboard */,
				9F1509BD27A31EE800567245 /* Info.plist */,
			);
			path = TheSimpsonsQuoteGenerator;
			sourceTree = "<group>";
		};
		9F1509C327A3235300567245 /* Networking */ = {
			isa = PBXGroup;
			children = (
				9F1509CE27A3286D00567245 /* CharacterInfoResponse.swift */,
				9F1509CA27A3242700567245 /* EndpointProtocol.swift */,
				9F1509CC27A3250100567245 /* TheSimpsonsQuoteAPIEndpoint.swift */,
				9F1509D227A329C400567245 /* NetworkEngine.swift */,
			);
			path = Networking;
			sourceTree = "<group>";
		};
		9F1509C427A3235C00567245 /* Model */ = {
			isa = PBXGroup;
			children = (
				9F1509D027A328B700567245 /* CharacterInfo.swift */,
			);
			path = Model;
			sourceTree = "<group>";
		};
		9F1509C527A3236E00567245 /* ViewModel */ = {
			isa = PBXGroup;
			children = (
			);
			path = ViewModel;
			sourceTree = "<group>";
		};
		9F1509C727A3238700567245 /* Scenes */ = {
			isa = PBXGroup;
			children = (
				9F1509C827A3238E00567245 /* Home */,
			);
			path = Scenes;
			sourceTree = "<group>";
		};
		9F1509C827A3238E00567245 /* Home */ = {
			isa = PBXGroup;
			children = (
				9F1509C927A3239500567245 /* Controllers */,
			);
			name = Home;
			sourceTree = "<group>";
		};
		9F1509C927A3239500567245 /* Controllers */ = {
			isa = PBXGroup;
			children = (
				9F1509B327A31EE600567245 /* HomeViewController.swift */,
			);
			name = Controllers;
			sourceTree = "<group>";
		};
/* End PBXGroup section */

/* Begin PBXNativeTarget section */
		9F1509AB27A31EE600567245 /* TheSimpsonsQuoteGenerator */ = {
			isa = PBXNativeTarget;
			buildConfigurationList = 9F1509C027A31EE800567245 /* Build configuration list for PBXNativeTarget "TheSimpsonsQuoteGenerator" */;
			buildPhases = (
				9F1509A827A31EE600567245 /* Sources */,
				9F1509A927A31EE600567245 /* Frameworks */,
				9F1509AA27A31EE600567245 /* Resources */,
			);
			buildRules = (
			);
			dependencies = (
			);
			name = TheSimpsonsQuoteGenerator;
			productName = TheSimpsonsQuoteGenerator;
			productReference = 9F1509AC27A31EE600567245 /* TheSimpsonsQuoteGenerator.app */;
			productType = "com.apple.product-type.application";
		};
/* End PBXNativeTarget section */

/* Begin PBXProject section */
		9F1509A427A31EE600567245 /* Project object */ = {
			isa = PBXProject;
			attributes = {
				BuildIndependentTargetsInParallel = 1;
				LastSwiftUpdateCheck = 1320;
				LastUpgradeCheck = 1320;
				TargetAttributes = {
					9F1509AB27A31EE600567245 = {
						CreatedOnToolsVersion = 13.2;
					};
				};
			};
			buildConfigurationList = 9F1509A727A31EE600567245 /* Build configuration list for PBXProject "TheSimpsonsQuoteGenerator" */;
			compatibilityVersion = "Xcode 13.0";
			developmentRegion = en;
			hasScannedForEncodings = 0;
			knownRegions = (
				en,
				Base,
			);
			mainGroup = 9F1509A327A31EE600567245;
			productRefGroup = 9F1509AD27A31EE600567245 /* Products */;
			projectDirPath = "";
			projectRoot = "";
			targets = (
				9F1509AB27A31EE600567245 /* TheSimpsonsQuoteGenerator */,
			);
		};
/* End PBXProject section */

/* Begin PBXResourcesBuildPhase section */
		9F1509AA27A31EE600567245 /* Resources */ = {
			isa = PBXResourcesBuildPhase;
			buildActionMask = 2147483647;
			files = (
				9F1509BC27A31EE800567245 /* LaunchScreen.storyboard in Resources */,
				9F1509B927A31EE800567245 /* Assets.xcassets in Resources */,
			);
			runOnlyForDeploymentPostprocessing = 0;
		};
/* End PBXResourcesBuildPhase section */

/* Begin PBXSourcesBuildPhase section */
		9F1509A827A31EE600567245 /* Sources */ = {
			isa = PBXSourcesBuildPhase;
			buildActionMask = 2147483647;
			files = (
				9F1509CB27A3242700567245 /* EndpointProtocol.swift in Sources */,
				9F1509B427A31EE600567245 /* HomeViewController.swift in Sources */,
				9F1509D127A328B700567245 /* CharacterInfo.swift in Sources */,
				9F1509B027A31EE600567245 /* AppDelegate.swift in Sources */,
				9F1509B227A31EE600567245 /* SceneDelegate.swift in Sources */,
				9F1509CD27A3250100567245 /* TheSimpsonsQuoteAPIEndpoint.swift in Sources */,
				9F1509D327A329C400567245 /* NetworkEngine.swift in Sources */,
				9F1509CF27A3286D00567245 /* CharacterInfoResponse.swift in Sources */,
			);
			runOnlyForDeploymentPostprocessing = 0;
		};
/* End PBXSourcesBuildPhase section */

/* Begin PBXVariantGroup section */
		9F1509BA27A31EE800567245 /* LaunchScreen.storyboard */ = {
			isa = PBXVariantGroup;
			children = (
				9F1509BB27A31EE800567245 /* Base */,
			);
			name = LaunchScreen.storyboard;
			sourceTree = "<group>";
		};
/* End PBXVariantGroup section */

/* Begin XCBuildConfiguration section */
		9F1509BE27A31EE800567245 /* Debug */ = {
			isa = XCBuildConfiguration;
			buildSettings = {
				ALWAYS_SEARCH_USER_PATHS = NO;
				CLANG_ANALYZER_NONNULL = YES;
				CLANG_ANALYZER_NUMBER_OBJECT_CONVERSION = YES_AGGRESSIVE;
				CLANG_CXX_LANGUAGE_STANDARD = "gnu++17";
				CLANG_CXX_LIBRARY = "libc++";
				CLANG_ENABLE_MODULES = YES;
				CLANG_ENABLE_OBJC_ARC = YES;
				CLANG_ENABLE_OBJC_WEAK = YES;
				CLANG_WARN_BLOCK_CAPTURE_AUTORELEASING = YES;
				CLANG_WARN_BOOL_CONVERSION = YES;
				CLANG_WARN_COMMA = YES;
				CLANG_WARN_CONSTANT_CONVERSION = YES;
				CLANG_WARN_DEPRECATED_OBJC_IMPLEMENTATIONS = YES;
				CLANG_WARN_DIRECT_OBJC_ISA_USAGE = YES_ERROR;
				CLANG_WARN_DOCUMENTATION_COMMENTS = YES;
				CLANG_WARN_EMPTY_BODY = YES;
				CLANG_WARN_ENUM_CONVERSION = YES;
				CLANG_WARN_INFINITE_RECURSION = YES;
				CLANG_WARN_INT_CONVERSION = YES;
				CLANG_WARN_NON_LITERAL_NULL_CONVERSION = YES;
				CLANG_WARN_OBJC_IMPLICIT_RETAIN_SELF = YES;
				CLANG_WARN_OBJC_LITERAL_CONVERSION = YES;
				CLANG_WARN_OBJC_ROOT_CLASS = YES_ERROR;
				CLANG_WARN_QUOTED_INCLUDE_IN_FRAMEWORK_HEADER = YES;
				CLANG_WARN_RANGE_LOOP_ANALYSIS = YES;
				CLANG_WARN_STRICT_PROTOTYPES = YES;
				CLANG_WARN_SUSPICIOUS_MOVE = YES;
				CLANG_WARN_UNGUARDED_AVAILABILITY = YES_AGGRESSIVE;
				CLANG_WARN_UNREACHABLE_CODE = YES;
				CLANG_WARN__DUPLICATE_METHOD_MATCH = YES;
				COPY_PHASE_STRIP = NO;
				DEBUG_INFORMATION_FORMAT = dwarf;
				ENABLE_STRICT_OBJC_MSGSEND = YES;
				ENABLE_TESTABILITY = YES;
				GCC_C_LANGUAGE_STANDARD = gnu11;
				GCC_DYNAMIC_NO_PIC = NO;
				GCC_NO_COMMON_BLOCKS = YES;
				GCC_OPTIMIZATION_LEVEL = 0;
				GCC_PREPROCESSOR_DEFINITIONS = (
					"DEBUG=1",
					"$(inherited)",
				);
				GCC_WARN_64_TO_32_BIT_CONVERSION = YES;
				GCC_WARN_ABOUT_RETURN_TYPE = YES_ERROR;
				GCC_WARN_UNDECLARED_SELECTOR = YES;
				GCC_WARN_UNINITIALIZED_AUTOS = YES_AGGRESSIVE;
				GCC_WARN_UNUSED_FUNCTION = YES;
				GCC_WARN_UNUSED_VARIABLE = YES;
				IPHONEOS_DEPLOYMENT_TARGET = 15.2;
				MTL_ENABLE_DEBUG_INFO = INCLUDE_SOURCE;
				MTL_FAST_MATH = YES;
				ONLY_ACTIVE_ARCH = YES;
				SDKROOT = iphoneos;
				SWIFT_ACTIVE_COMPILATION_CONDITIONS = DEBUG;
				SWIFT_OPTIMIZATION_LEVEL = "-Onone";
			};
			name = Debug;
		};
		9F1509BF27A31EE800567245 /* Release */ = {
			isa = XCBuildConfiguration;
			buildSettings = {
				ALWAYS_SEARCH_USER_PATHS = NO;
				CLANG_ANALYZER_NONNULL = YES;
				CLANG_ANALYZER_NUMBER_OBJECT_CONVERSION = YES_AGGRESSIVE;
				CLANG_CXX_LANGUAGE_STANDARD = "gnu++17";
				CLANG_CXX_LIBRARY = "libc++";
				CLANG_ENABLE_MODULES = YES;
				CLANG_ENABLE_OBJC_ARC = YES;
				CLANG_ENABLE_OBJC_WEAK = YES;
				CLANG_WARN_BLOCK_CAPTURE_AUTORELEASING = YES;
				CLANG_WARN_BOOL_CONVERSION = YES;
				CLANG_WARN_COMMA = YES;
				CLANG_WARN_CONSTANT_CONVERSION = YES;
				CLANG_WARN_DEPRECATED_OBJC_IMPLEMENTATIONS = YES;
				CLANG_WARN_DIRECT_OBJC_ISA_USAGE = YES_ERROR;
				CLANG_WARN_DOCUMENTATION_COMMENTS = YES;
				CLANG_WARN_EMPTY_BODY = YES;
				CLANG_WARN_ENUM_CONVERSION = YES;
				CLANG_WARN_INFINITE_RECURSION = YES;
				CLANG_WARN_INT_CONVERSION = YES;
				CLANG_WARN_NON_LITERAL_NULL_CONVERSION = YES;
				CLANG_WARN_OBJC_IMPLICIT_RETAIN_SELF = YES;
				CLANG_WARN_OBJC_LITERAL_CONVERSION = YES;
				CLANG_WARN_OBJC_ROOT_CLASS = YES_ERROR;
				CLANG_WARN_QUOTED_INCLUDE_IN_FRAMEWORK_HEADER = YES;
				CLANG_WARN_RANGE_LOOP_ANALYSIS = YES;
				CLANG_WARN_STRICT_PROTOTYPES = YES;
				CLANG_WARN_SUSPICIOUS_MOVE = YES;
				CLANG_WARN_UNGUARDED_AVAILABILITY = YES_AGGRESSIVE;
				CLANG_WARN_UNREACHABLE_CODE = YES;
				CLANG_WARN__DUPLICATE_METHOD_MATCH = YES;
				COPY_PHASE_STRIP = NO;
				DEBUG_INFORMATION_FORMAT = "dwarf-with-dsym";
				ENABLE_NS_ASSERTIONS = NO;
				ENABLE_STRICT_OBJC_MSGSEND = YES;
				GCC_C_LANGUAGE_STANDARD = gnu11;
				GCC_NO_COMMON_BLOCKS = YES;
				GCC_WARN_64_TO_32_BIT_CONVERSION = YES;
				GCC_WARN_ABOUT_RETURN_TYPE = YES_ERROR;
				GCC_WARN_UNDECLARED_SELECTOR = YES;
				GCC_WARN_UNINITIALIZED_AUTOS = YES_AGGRESSIVE;
				GCC_WARN_UNUSED_FUNCTION = YES;
				GCC_WARN_UNUSED_VARIABLE = YES;
				IPHONEOS_DEPLOYMENT_TARGET = 15.2;
				MTL_ENABLE_DEBUG_INFO = NO;
				MTL_FAST_MATH = YES;
				SDKROOT = iphoneos;
				SWIFT_COMPILATION_MODE = wholemodule;
				SWIFT_OPTIMIZATION_LEVEL = "-O";
				VALIDATE_PRODUCT = YES;
			};
			name = Release;
		};
		9F1509C127A31EE800567245 /* Debug */ = {
			isa = XCBuildConfiguration;
			buildSettings = {
				ASSETCATALOG_COMPILER_APPICON_NAME = AppIcon;
				ASSETCATALOG_COMPILER_GLOBAL_ACCENT_COLOR_NAME = AccentColor;
				CODE_SIGN_STYLE = Automatic;
				CURRENT_PROJECT_VERSION = 1;
				GENERATE_INFOPLIST_FILE = YES;
				INFOPLIST_FILE = TheSimpsonsQuoteGenerator/Info.plist;
				INFOPLIST_KEY_UIApplicationSupportsIndirectInputEvents = YES;
				INFOPLIST_KEY_UILaunchStoryboardName = LaunchScreen;
				INFOPLIST_KEY_UISupportedInterfaceOrientations_iPad = "UIInterfaceOrientationPortrait UIInterfaceOrientationPortraitUpsideDown UIInterfaceOrientationLandscapeLeft UIInterfaceOrientationLandscapeRight";
				INFOPLIST_KEY_UISupportedInterfaceOrientations_iPhone = "UIInterfaceOrientationPortrait UIInterfaceOrientationLandscapeLeft UIInterfaceOrientationLandscapeRight";
				LD_RUNPATH_SEARCH_PATHS = (
					"$(inherited)",
					"@executable_path/Frameworks",
				);
				MARKETING_VERSION = 1.0;
				PRODUCT_BUNDLE_IDENTIFIER = aleksandre.TheSimpsonsQuoteGenerator;
				PRODUCT_NAME = "$(TARGET_NAME)";
				SWIFT_EMIT_LOC_STRINGS = YES;
				SWIFT_VERSION = 5.0;
				TARGETED_DEVICE_FAMILY = 1;
			};
			name = Debug;
		};
		9F1509C227A31EE800567245 /* Release */ = {
			isa = XCBuildConfiguration;
			buildSettings = {
				ASSETCATALOG_COMPILER_APPICON_NAME = AppIcon;
				ASSETCATALOG_COMPILER_GLOBAL_ACCENT_COLOR_NAME = AccentColor;
				CODE_SIGN_STYLE = Automatic;
				CURRENT_PROJECT_VERSION = 1;
				GENERATE_INFOPLIST_FILE = YES;
				INFOPLIST_FILE = TheSimpsonsQuoteGenerator/Info.plist;
				INFOPLIST_KEY_UIApplicationSupportsIndirectInputEvents = YES;
				INFOPLIST_KEY_UILaunchStoryboardName = LaunchScreen;
				INFOPLIST_KEY_UISupportedInterfaceOrientations_iPad = "UIInterfaceOrientationPortrait UIInterfaceOrientationPortraitUpsideDown UIInterfaceOrientationLandscapeLeft UIInterfaceOrientationLandscapeRight";
				INFOPLIST_KEY_UISupportedInterfaceOrientations_iPhone = "UIInterfaceOrientationPortrait UIInterfaceOrientationLandscapeLeft UIInterfaceOrientationLandscapeRight";
				LD_RUNPATH_SEARCH_PATHS = (
					"$(inherited)",
					"@executable_path/Frameworks",
				);
				MARKETING_VERSION = 1.0;
				PRODUCT_BUNDLE_IDENTIFIER = aleksandre.TheSimpsonsQuoteGenerator;
				PRODUCT_NAME = "$(TARGET_NAME)";
				SWIFT_EMIT_LOC_STRINGS = YES;
				SWIFT_VERSION = 5.0;
				TARGETED_DEVICE_FAMILY = 1;
			};
			name = Release;
		};
/* End XCBuildConfiguration section */

/* Begin XCConfigurationList section */
		9F1509A727A31EE600567245 /* Build configuration list for PBXProject "TheSimpsonsQuoteGenerator" */ = {
			isa = XCConfigurationList;
			buildConfigurations = (
				9F1509BE27A31EE800567245 /* Debug */,
				9F1509BF27A31EE800567245 /* Release */,
			);
			defaultConfigurationIsVisible = 0;
			defaultConfigurationName = Release;
		};
		9F1509C027A31EE800567245 /* Build configuration list for PBXNativeTarget "TheSimpsonsQuoteGenerator" */ = {
			isa = XCConfigurationList;
			buildConfigurations = (
				9F1509C127A31EE800567245 /* Debug */,
				9F1509C227A31EE800567245 /* Release */,
			);
			defaultConfigurationIsVisible = 0;
			defaultConfigurationName = Release;
		};
/* End XCConfigurationList section */
	};
	rootObject = 9F1509A427A31EE600567245 /* Project object */;
}
